
Microsoft Visual Studio Solution File, Format Version 12.00
# Visual Studio Version 17
VisualStudioVersion = 17.0.31912.275
MinimumVisualStudioVersion = 10.0.40219.1
Project("{2150E333-8FDC-42A3-9474-1A3956D46DE8}") = "Solution Items", "Solution Items", "{870D9301-BE3D-44EA-BF9C-FCC2E87FE4CD}"
	ProjectSection(SolutionItems) = preProject
		Directory.Build.props = Directory.Build.props
		Directory.Build.targets = Directory.Build.targets
		LICENSE = LICENSE
		README.md = README.md
	EndProjectSection
EndProject
Project("{9A19103F-16F7-4668-BE54-9A1E7A4F7556}") = "Hyperbee.Pipeline", "src\Hyperbee.Pipeline\Hyperbee.Pipeline.csproj", "{6725FAD8-FADC-413A-B352-0CF583DD1CC2}"
EndProject
Project("{2150E333-8FDC-42A3-9474-1A3956D46DE8}") = "Solution Tests", "Solution Tests", "{F9B24CD9-E06B-4834-84CB-8C29E5F10BE0}"
EndProject
Project("{2150E333-8FDC-42A3-9474-1A3956D46DE8}") = ".github", ".github", "{1FA7CE2A-C9DA-4DC3-A242-5A7EAF8EE4FC}"
EndProject
Project("{2150E333-8FDC-42A3-9474-1A3956D46DE8}") = "workflows", "workflows", "{4DBDB7F5-3F66-4572-80B5-3322449C77A4}"
	ProjectSection(SolutionItems) = preProject
		.github\workflows\publish.yml = .github\workflows\publish.yml
		.github\workflows\test.yml = .github\workflows\test.yml
		.github\workflows\update-version.yml = .github\workflows\update-version.yml
	EndProjectSection
EndProject
Project("{9A19103F-16F7-4668-BE54-9A1E7A4F7556}") = "Hyperbee.Pipeline.Tests", "test\Hyperbee.Pipeline.Tests\Hyperbee.Pipeline.Tests.csproj", "{17DA1657-DF82-440F-B1F1-D888BFA9626B}"
EndProject
Project("{2150E333-8FDC-42A3-9474-1A3956D46DE8}") = "docs", "docs", "{884A8242-351E-4363-9B34-E8C202CF7787}"
	ProjectSection(SolutionItems) = preProject
		docs\middleware.md = docs\middleware.md
	EndProjectSection
EndProject
Global
	GlobalSection(SolutionConfigurationPlatforms) = preSolution
		Debug|Any CPU = Debug|Any CPU
		Release|Any CPU = Release|Any CPU
	EndGlobalSection
	GlobalSection(ProjectConfigurationPlatforms) = postSolution
		{6725FAD8-FADC-413A-B352-0CF583DD1CC2}.Debug|Any CPU.ActiveCfg = Debug|Any CPU
		{6725FAD8-FADC-413A-B352-0CF583DD1CC2}.Debug|Any CPU.Build.0 = Debug|Any CPU
		{6725FAD8-FADC-413A-B352-0CF583DD1CC2}.Release|Any CPU.ActiveCfg = Release|Any CPU
		{6725FAD8-FADC-413A-B352-0CF583DD1CC2}.Release|Any CPU.Build.0 = Release|Any CPU
		{17DA1657-DF82-440F-B1F1-D888BFA9626B}.Debug|Any CPU.ActiveCfg = Debug|Any CPU
		{17DA1657-DF82-440F-B1F1-D888BFA9626B}.Debug|Any CPU.Build.0 = Debug|Any CPU
		{17DA1657-DF82-440F-B1F1-D888BFA9626B}.Release|Any CPU.ActiveCfg = Release|Any CPU
		{17DA1657-DF82-440F-B1F1-D888BFA9626B}.Release|Any CPU.Build.0 = Release|Any CPU
	EndGlobalSection
	GlobalSection(SolutionProperties) = preSolution
		HideSolutionNode = FALSE
	EndGlobalSection
	GlobalSection(NestedProjects) = preSolution
		{1FA7CE2A-C9DA-4DC3-A242-5A7EAF8EE4FC} = {870D9301-BE3D-44EA-BF9C-FCC2E87FE4CD}
		{4DBDB7F5-3F66-4572-80B5-3322449C77A4} = {1FA7CE2A-C9DA-4DC3-A242-5A7EAF8EE4FC}
		{17DA1657-DF82-440F-B1F1-D888BFA9626B} = {F9B24CD9-E06B-4834-84CB-8C29E5F10BE0}
		{884A8242-351E-4363-9B34-E8C202CF7787} = {870D9301-BE3D-44EA-BF9C-FCC2E87FE4CD}
	EndGlobalSection
	GlobalSection(ExtensibilityGlobals) = postSolution
		SolutionGuid = {32874F5B-B467-4F28-A8E2-82C2536FB228}
	EndGlobalSection
EndGlobal
