
Microsoft Visual Studio Solution File, Format Version 12.00
# Visual Studio Version 17
VisualStudioVersion = 17.0.31912.275
MinimumVisualStudioVersion = 10.0.40219.1
Project("{2150E333-8FDC-42A3-9474-1A3956D46DE8}") = "Solution Items", "Solution Items", "{870D9301-BE3D-44EA-BF9C-FCC2E87FE4CD}"
	ProjectSection(SolutionItems) = preProject
		Directory.Build.props = Directory.Build.props
		Directory.Build.targets = Directory.Build.targets
		LICENSE = LICENSE
		README.md = README.md
		solution-helper.psm1 = solution-helper.psm1
	EndProjectSection
EndProject
Project("{9A19103F-16F7-4668-BE54-9A1E7A4F7556}") = "Hyperbee.Pipeline", "src\Hyperbee.Pipeline\Hyperbee.Pipeline.csproj", "{6725FAD8-FADC-413A-B352-0CF583DD1CC2}"
EndProject
Project("{2150E333-8FDC-42A3-9474-1A3956D46DE8}") = "Solution Tests", "Solution Tests", "{F9B24CD9-E06B-4834-84CB-8C29E5F10BE0}"
EndProject
Project("{2150E333-8FDC-42A3-9474-1A3956D46DE8}") = ".github", ".github", "{1FA7CE2A-C9DA-4DC3-A242-5A7EAF8EE4FC}"
EndProject
Project("{2150E333-8FDC-42A3-9474-1A3956D46DE8}") = "workflows", "workflows", "{4DBDB7F5-3F66-4572-80B5-3322449C77A4}"
	ProjectSection(SolutionItems) = preProject
		.github\workflows\create-release.yml = .github\workflows\create-release.yml
		.github\workflows\format.yml = .github\workflows\format.yml
		.github\workflows\issue-branch.yml = .github\workflows\issue-branch.yml
		.github\workflows\publish.yml = .github\workflows\publish.yml
		.github\workflows\test-report.yml = .github\workflows\test-report.yml
		.github\workflows\test.yml = .github\workflows\test.yml
	EndProjectSection
EndProject
Project("{9A19103F-16F7-4668-BE54-9A1E7A4F7556}") = "Hyperbee.Pipeline.Tests", "test\Hyperbee.Pipeline.Tests\Hyperbee.Pipeline.Tests.csproj", "{17DA1657-DF82-440F-B1F1-D888BFA9626B}"
EndProject
Project("{9A19103F-16F7-4668-BE54-9A1E7A4F7556}") = "Hyperbee.Pipeline.Caching", "src\Hyperbee.Pipline.Caching\Hyperbee.Pipeline.Caching.csproj", "{833A7497-542F-4B88-A76A-DA520E000F6F}"
EndProject
Project("{9A19103F-16F7-4668-BE54-9A1E7A4F7556}") = "Hyperbee.Pipeline.Caching.Tests", "test\Hyperbee.PipelineCaching.Tests\Hyperbee.Pipeline.Caching.Tests.csproj", "{B7E5FBB3-AF2A-4E48-8E6A-10887DC6C4C0}"
EndProject
Project("{9A19103F-16F7-4668-BE54-9A1E7A4F7556}") = "Hyperbee.Pipeline.Auth", "src\Hyperbee.Pipeline.Auth\Hyperbee.Pipeline.Auth.csproj", "{85FBEEBD-0E57-4B54-83AF-6A501779CBD5}"
EndProject
Project("{9A19103F-16F7-4668-BE54-9A1E7A4F7556}") = "Hyperbee.Pipeline.Auth.Tests", "test\Hyperbee.Pipeline.Auth.Tests\Hyperbee.Pipeline.Auth.Tests.csproj", "{3E5F6864-2BAD-4349-8C7A-D199A715FA3C}"
EndProject
Project("{9A19103F-16F7-4668-BE54-9A1E7A4F7556}") = "Hyperbee.Pipeline.Benchmark", "test\Hyperbee.Pipleline.Benchmark\Hyperbee.Pipeline.Benchmark.csproj", "{4117A842-A068-41DD-AA16-AE158025EA9A}"
EndProject
Project("{D954291E-2A0B-460D-934E-DC6B0785DB48}") = "docs", "docs\docs.shproj", "{FC3B0A95-4DA0-43A0-A19D-624152BDF2F6}"
EndProject
Global
	GlobalSection(SolutionConfigurationPlatforms) = preSolution
		Debug|Any CPU = Debug|Any CPU
		Release|Any CPU = Release|Any CPU
	EndGlobalSection
	GlobalSection(ProjectConfigurationPlatforms) = postSolution
		{6725FAD8-FADC-413A-B352-0CF583DD1CC2}.Debug|Any CPU.ActiveCfg = Debug|Any CPU
		{6725FAD8-FADC-413A-B352-0CF583DD1CC2}.Debug|Any CPU.Build.0 = Debug|Any CPU
		{6725FAD8-FADC-413A-B352-0CF583DD1CC2}.Release|Any CPU.ActiveCfg = Release|Any CPU
		{6725FAD8-FADC-413A-B352-0CF583DD1CC2}.Release|Any CPU.Build.0 = Release|Any CPU
		{17DA1657-DF82-440F-B1F1-D888BFA9626B}.Debug|Any CPU.ActiveCfg = Debug|Any CPU
		{17DA1657-DF82-440F-B1F1-D888BFA9626B}.Debug|Any CPU.Build.0 = Debug|Any CPU
		{17DA1657-DF82-440F-B1F1-D888BFA9626B}.Release|Any CPU.ActiveCfg = Release|Any CPU
		{17DA1657-DF82-440F-B1F1-D888BFA9626B}.Release|Any CPU.Build.0 = Release|Any CPU
		{833A7497-542F-4B88-A76A-DA520E000F6F}.Debug|Any CPU.ActiveCfg = Debug|Any CPU
		{833A7497-542F-4B88-A76A-DA520E000F6F}.Debug|Any CPU.Build.0 = Debug|Any CPU
		{833A7497-542F-4B88-A76A-DA520E000F6F}.Release|Any CPU.ActiveCfg = Release|Any CPU
		{833A7497-542F-4B88-A76A-DA520E000F6F}.Release|Any CPU.Build.0 = Release|Any CPU
		{B7E5FBB3-AF2A-4E48-8E6A-10887DC6C4C0}.Debug|Any CPU.ActiveCfg = Debug|Any CPU
		{B7E5FBB3-AF2A-4E48-8E6A-10887DC6C4C0}.Debug|Any CPU.Build.0 = Debug|Any CPU
		{B7E5FBB3-AF2A-4E48-8E6A-10887DC6C4C0}.Release|Any CPU.ActiveCfg = Release|Any CPU
		{B7E5FBB3-AF2A-4E48-8E6A-10887DC6C4C0}.Release|Any CPU.Build.0 = Release|Any CPU
		{85FBEEBD-0E57-4B54-83AF-6A501779CBD5}.Debug|Any CPU.ActiveCfg = Debug|Any CPU
		{85FBEEBD-0E57-4B54-83AF-6A501779CBD5}.Debug|Any CPU.Build.0 = Debug|Any CPU
		{85FBEEBD-0E57-4B54-83AF-6A501779CBD5}.Release|Any CPU.ActiveCfg = Release|Any CPU
		{85FBEEBD-0E57-4B54-83AF-6A501779CBD5}.Release|Any CPU.Build.0 = Release|Any CPU
		{3E5F6864-2BAD-4349-8C7A-D199A715FA3C}.Debug|Any CPU.ActiveCfg = Debug|Any CPU
		{3E5F6864-2BAD-4349-8C7A-D199A715FA3C}.Debug|Any CPU.Build.0 = Debug|Any CPU
		{3E5F6864-2BAD-4349-8C7A-D199A715FA3C}.Release|Any CPU.ActiveCfg = Release|Any CPU
		{3E5F6864-2BAD-4349-8C7A-D199A715FA3C}.Release|Any CPU.Build.0 = Release|Any CPU
		{4117A842-A068-41DD-AA16-AE158025EA9A}.Debug|Any CPU.ActiveCfg = Debug|Any CPU
		{4117A842-A068-41DD-AA16-AE158025EA9A}.Debug|Any CPU.Build.0 = Debug|Any CPU
		{4117A842-A068-41DD-AA16-AE158025EA9A}.Release|Any CPU.ActiveCfg = Release|Any CPU
		{4117A842-A068-41DD-AA16-AE158025EA9A}.Release|Any CPU.Build.0 = Release|Any CPU
	EndGlobalSection
	GlobalSection(SolutionProperties) = preSolution
		HideSolutionNode = FALSE
	EndGlobalSection
	GlobalSection(NestedProjects) = preSolution
		{1FA7CE2A-C9DA-4DC3-A242-5A7EAF8EE4FC} = {870D9301-BE3D-44EA-BF9C-FCC2E87FE4CD}
		{4DBDB7F5-3F66-4572-80B5-3322449C77A4} = {1FA7CE2A-C9DA-4DC3-A242-5A7EAF8EE4FC}
		{17DA1657-DF82-440F-B1F1-D888BFA9626B} = {F9B24CD9-E06B-4834-84CB-8C29E5F10BE0}
		{B7E5FBB3-AF2A-4E48-8E6A-10887DC6C4C0} = {F9B24CD9-E06B-4834-84CB-8C29E5F10BE0}
		{3E5F6864-2BAD-4349-8C7A-D199A715FA3C} = {F9B24CD9-E06B-4834-84CB-8C29E5F10BE0}
		{4117A842-A068-41DD-AA16-AE158025EA9A} = {F9B24CD9-E06B-4834-84CB-8C29E5F10BE0}
		{FC3B0A95-4DA0-43A0-A19D-624152BDF2F6} = {870D9301-BE3D-44EA-BF9C-FCC2E87FE4CD}
	EndGlobalSection
	GlobalSection(ExtensibilityGlobals) = postSolution
		SolutionGuid = {32874F5B-B467-4F28-A8E2-82C2536FB228}
	EndGlobalSection
	GlobalSection(SharedMSBuildProjectFiles) = preSolution
		docs\docs.projitems*{fc3b0a95-4da0-43a0-a19d-624152bdf2f6}*SharedItemsImports = 13
	EndGlobalSection
EndGlobal
